
Microsoft Visual Studio Solution File, Format Version 12.00
# Visual Studio Version 17
VisualStudioVersion = 17.13.35825.156
MinimumVisualStudioVersion = 10.0.40219.1
Project("{8BC9CEB8-8B4A-11D0-8D11-00A0C91BC942}") = "windows", "windows\windows.vcxproj", "{13B0D1C0-E5CB-4CBB-8E55-99869CD2D8F5}"
EndProject
Project("{8BC9CEB8-8B4A-11D0-8D11-00A0C91BC942}") = "windows2", "windows2\windows2.vcxproj", "{4D99B9E2-DAE4-4536-A957-5A93243A8225}"
EndProject
Global
	GlobalSection(SolutionConfigurationPlatforms) = preSolution
		Debug|x64 = Debug|x64
		Debug|x86 = Debug|x86
		Release|x64 = Release|x64
		Release|x86 = Release|x86
	EndGlobalSection
	GlobalSection(ProjectConfigurationPlatforms) = postSolution
		{13B0D1C0-E5CB-4CBB-8E55-99869CD2D8F5}.Debug|x64.ActiveCfg = Debug|x64
		{13B0D1C0-E5CB-4CBB-8E55-99869CD2D8F5}.Debug|x64.Build.0 = Debug|x64
		{13B0D1C0-E5CB-4CBB-8E55-99869CD2D8F5}.Debug|x86.ActiveCfg = Debug|Win32
		{13B0D1C0-E5CB-4CBB-8E55-99869CD2D8F5}.Debug|x86.Build.0 = Debug|Win32
		{13B0D1C0-E5CB-4CBB-8E55-99869CD2D8F5}.Release|x64.ActiveCfg = Release|x64
		{13B0D1C0-E5CB-4CBB-8E55-99869CD2D8F5}.Release|x64.Build.0 = Release|x64
		{13B0D1C0-E5CB-4CBB-8E55-99869CD2D8F5}.Release|x86.ActiveCfg = Release|Win32
		{13B0D1C0-E5CB-4CBB-8E55-99869CD2D8F5}.Release|x86.Build.0 = Release|Win32
		{4D99B9E2-DAE4-4536-A957-5A93243A8225}.Debug|x64.ActiveCfg = Debug|x64
		{4D99B9E2-DAE4-4536-A957-5A93243A8225}.Debug|x64.Build.0 = Debug|x64
		{4D99B9E2-DAE4-4536-A957-5A93243A8225}.Debug|x86.ActiveCfg = Debug|Win32
		{4D99B9E2-DAE4-4536-A957-5A93243A8225}.Debug|x86.Build.0 = Debug|Win32
		{4D99B9E2-DAE4-4536-A957-5A93243A8225}.Release|x64.ActiveCfg = Release|x64
		{4D99B9E2-DAE4-4536-A957-5A93243A8225}.Release|x64.Build.0 = Release|x64
		{4D99B9E2-DAE4-4536-A957-5A93243A8225}.Release|x86.ActiveCfg = Release|Win32
		{4D99B9E2-DAE4-4536-A957-5A93243A8225}.Release|x86.Build.0 = Release|Win32
	EndGlobalSection
	GlobalSection(SolutionProperties) = preSolution
		HideSolutionNode = FALSE
	EndGlobalSection
	GlobalSection(ExtensibilityGlobals) = postSolution
		SolutionGuid = {00AFE4D7-5FB1-4E17-9B91-3D51CC65063E}
	EndGlobalSection
EndGlobal
